{
  "name": "sk-rxjs-learn",
  "version": "1.0.0",
  "lockfileVersion": 1,
  "requires": true,
  "dependencies": {
    "@types/jquery": {
      "version": "3.2.14",
      "resolved": "http://registry.npm.taobao.org/@types/jquery/download/@types/jquery-3.2.14.tgz",
      "integrity": "sha1-Y6dGiVwOoQTolmMOASdYNJ/Vcj4=",
      "dev": true
    },
    "@types/node": {
      "version": "8.0.41",
      "resolved": "http://registry.npm.taobao.org/@types/node/download/@types/node-8.0.41.tgz",
      "integrity": "sha1-uI0jtFT9vP0XD2HeiKM+yc2Ylgo=",
      "dev": true
    },
    "@types/rsvp": {
      "version": "4.0.0",
      "resolved": "http://registry.npm.taobao.org/@types/rsvp/download/@types/rsvp-4.0.0.tgz",
      "integrity": "sha1-bFnYS7Xqik/RHsPXqnSHEODl43M=",
      "dev": true
    },
    "jquery": {
      "version": "3.2.1",
      "resolved": "http://registry.npm.taobao.org/jquery/download/jquery-3.2.1.tgz",
      "integrity": "sha1-XE2d5lKvbNCncBVKYxu6ErAVx4c="
    },
    "rsvp": {
      "version": "4.7.0",
      "resolved": "http://registry.npm.taobao.org/rsvp/download/rsvp-4.7.0.tgz",
      "integrity": "sha1-3BsLGlNvfeydK+ReChKtQZfJ/ZY="
    },
    "rxjs": {
      "version": "5.4.3",
      "resolved": "http://registry.npm.taobao.org/rxjs/download/rxjs-5.4.3.tgz",
      "integrity": "sha1-B1jN3uYDPWjg/VNnbw81ls49SD8=",
      "requires": {
        "symbol-observable": "1.0.4"
      }
    },
    "symbol-observable": {
      "version": "1.0.4",
      "resolved": "http://registry.npm.taobao.org/symbol-observable/download/symbol-observable-1.0.4.tgz",
      "integrity": "sha1-Kb9hXUqnEhvdiYsi1LP5vE4qoD0="
    }
  }
}
